
Microsoft Visual Studio Solution File, Format Version 12.00
# Visual Studio Version 17
VisualStudioVersion = 17.11.35431.28
MinimumVisualStudioVersion = 10.0.40219.1
Project("{FAE04EC0-301F-11D3-BF4B-00C04F79EFBC}") = "DSA.Practical.TwoPointers", "DSA.Practical.TwoPointers\DSA.Practical.TwoPointers.csproj", "{43FDF027-0FCE-48E3-912A-FEBD9CACF3CB}"
EndProject
Global
	GlobalSection(SolutionConfigurationPlatforms) = preSolution
		Debug|Any CPU = Debug|Any CPU
		Release|Any CPU = Release|Any CPU
	EndGlobalSection
	GlobalSection(ProjectConfigurationPlatforms) = postSolution
		{43FDF027-0FCE-48E3-912A-FEBD9CACF3CB}.Debug|Any CPU.ActiveCfg = Debug|Any CPU
		{43FDF027-0FCE-48E3-912A-FEBD9CACF3CB}.Debug|Any CPU.Build.0 = Debug|Any CPU
		{43FDF027-0FCE-48E3-912A-FEBD9CACF3CB}.Release|Any CPU.ActiveCfg = Release|Any CPU
		{43FDF027-0FCE-48E3-912A-FEBD9CACF3CB}.Release|Any CPU.Build.0 = Release|Any CPU
	EndGlobalSection
	GlobalSection(SolutionProperties) = preSolution
		HideSolutionNode = FALSE
	EndGlobalSection
	GlobalSection(ExtensibilityGlobals) = postSolution
		SolutionGuid = {42DB5509-FE06-4B4B-B73A-A1E2609E549E}
	EndGlobalSection
EndGlobal
